<?xml version="1.0" encoding="utf-8"?>
<Project ToolsVersion="4.0" xmlns="http://schemas.microsoft.com/developer/msbuild/2003">
  <ItemGroup>
    <Filter Include="src">
      <UniqueIdentifier>{f0da08e6-003c-4e8e-9ae6-34dc75e7e1b7}</UniqueIdentifier>
    </Filter>
  </ItemGroup>
  <ItemGroup>
    <ClCompile Include="Main.cpp">
      <Filter>src</Filter>
    </ClCompile>
    <ClCompile Include="BubbleSort.cpp">
      <Filter>src</Filter>
    </ClCompile>
    <ClCompile Include="InsertionSort.cpp">
      <Filter>src</Filter>
    </ClCompile>
    <ClCompile Include="SelectionSort.cpp">
      <Filter>src</Filter>
    </ClCompile>
  </ItemGroup>
  <ItemGroup>
    <ClInclude Include="Sorter.h">
      <Filter>src</Filter>
    </ClInclude>
    <ClInclude Include="BubbleSort.h">
      <Filter>src</Filter>
    </ClInclude>
    <ClInclude Include="InsertionSort.h">
      <Filter>src</Filter>
    </ClInclude>
    <ClInclude Include="SelectionSort.h">
      <Filter>src</Filter>
    </ClInclude>
  </ItemGroup>
</Project>